// !$*UTF8*$!
{
	archiveVersion = 1;
	classes = {
	};
	objectVersion = 56;
	objects = {

/* Begin PBXBuildFile section */
		B80518E22A088CAC00D12915 /* NISessionManager.swift in Sources */ = {isa = PBXBuildFile; fileRef = B80518E12A088CAC00D12915 /* NISessionManager.swift */; };
		B80518E52A088CDE00D12915 /* MPCSession.swift in Sources */ = {isa = PBXBuildFile; fileRef = B80518E42A088CDE00D12915 /* MPCSession.swift */; };
		B80518E72A088D2300D12915 /* LocalNetworkAuthorization.swift in Sources */ = {isa = PBXBuildFile; fileRef = B80518E62A088D2300D12915 /* LocalNetworkAuthorization.swift */; };
		B80518EB2A088E4100D12915 /* FindingPartnerState.swift in Sources */ = {isa = PBXBuildFile; fileRef = B80518EA2A088E4100D12915 /* FindingPartnerState.swift */; };
		B80518EF2A088EA600D12915 /* UserDataModel.xcdatamodeld in Sources */ = {isa = PBXBuildFile; fileRef = B80518ED2A088EA600D12915 /* UserDataModel.xcdatamodeld */; };
		B80518F42A088EFF00D12915 /* Buddy+CoreDataClass.swift in Sources */ = {isa = PBXBuildFile; fileRef = B80518F02A088EFF00D12915 /* Buddy+CoreDataClass.swift */; };
		B80518F52A088EFF00D12915 /* Buddy+CoreDataProperties.swift in Sources */ = {isa = PBXBuildFile; fileRef = B80518F12A088EFF00D12915 /* Buddy+CoreDataProperties.swift */; };
		B80518F62A088EFF00D12915 /* User+CoreDataClass.swift in Sources */ = {isa = PBXBuildFile; fileRef = B80518F22A088EFF00D12915 /* User+CoreDataClass.swift */; };
		B80518F72A088EFF00D12915 /* User+CoreDataProperties.swift in Sources */ = {isa = PBXBuildFile; fileRef = B80518F32A088EFF00D12915 /* User+CoreDataProperties.swift */; };
		C91444062A01453800E6202D /* SearchPartnerView.swift in Sources */ = {isa = PBXBuildFile; fileRef = C91444052A01453800E6202D /* SearchPartnerView.swift */; };
		C91444082A01454F00E6202D /* WorkoutView.swift in Sources */ = {isa = PBXBuildFile; fileRef = C91444072A01454F00E6202D /* WorkoutView.swift */; };
		C914440A2A01459D00E6202D /* LevelUpModalView.swift in Sources */ = {isa = PBXBuildFile; fileRef = C91444092A01459D00E6202D /* LevelUpModalView.swift */; };
		C914440C2A01460F00E6202D /* CharacterSettingView.swift in Sources */ = {isa = PBXBuildFile; fileRef = C914440B2A01460F00E6202D /* CharacterSettingView.swift */; };
		C914440E2A01462500E6202D /* SettingView.swift in Sources */ = {isa = PBXBuildFile; fileRef = C914440D2A01462500E6202D /* SettingView.swift */; };
		C91444432A0167C500E6202D /* cookie.jpeg in Resources */ = {isa = PBXBuildFile; fileRef = C91444422A0167C500E6202D /* cookie.jpeg */; };
		C91BB6E92A00BDC0009FAA86 /* BurningBuddyApp.swift in Sources */ = {isa = PBXBuildFile; fileRef = C91BB6E82A00BDC0009FAA86 /* BurningBuddyApp.swift */; };
		C91BB6EB2A00BDC0009FAA86 /* ContentView.swift in Sources */ = {isa = PBXBuildFile; fileRef = C91BB6EA2A00BDC0009FAA86 /* ContentView.swift */; };
		C91BB6ED2A00BDC1009FAA86 /* Assets.xcassets in Resources */ = {isa = PBXBuildFile; fileRef = C91BB6EC2A00BDC1009FAA86 /* Assets.xcassets */; };
		C91BB6F02A00BDC1009FAA86 /* Preview Assets.xcassets in Resources */ = {isa = PBXBuildFile; fileRef = C91BB6EF2A00BDC1009FAA86 /* Preview Assets.xcassets */; };
		C91BB6FC2A00E772009FAA86 /* MainView.swift in Sources */ = {isa = PBXBuildFile; fileRef = C91BB6FB2A00E772009FAA86 /* MainView.swift */; };
		C91BB6FE2A00E794009FAA86 /* NicknameSettingView.swift in Sources */ = {isa = PBXBuildFile; fileRef = C91BB6FD2A00E794009FAA86 /* NicknameSettingView.swift */; };
		C967C2082A0332C3007EE7EE /* WorkoutDoneView.swift in Sources */ = {isa = PBXBuildFile; fileRef = C967C2072A0332C3007EE7EE /* WorkoutDoneView.swift */; };
		C967C20A2A068FEA007EE7EE /* CalorieSettingView.swift in Sources */ = {isa = PBXBuildFile; fileRef = C967C2092A068FEA007EE7EE /* CalorieSettingView.swift */; };
		C967C20C2A0694DE007EE7EE /* OnboardingView.swift in Sources */ = {isa = PBXBuildFile; fileRef = C967C20B2A0694DE007EE7EE /* OnboardingView.swift */; };
		C967C20E2A0699A1007EE7EE /* ButtonComponent.swift in Sources */ = {isa = PBXBuildFile; fileRef = C967C20D2A0699A1007EE7EE /* ButtonComponent.swift */; };
		C967C2122A069D15007EE7EE /* OnboardingTest3.png in Resources */ = {isa = PBXBuildFile; fileRef = C967C20F2A069D15007EE7EE /* OnboardingTest3.png */; };
		C967C2132A069D15007EE7EE /* OnboardingTest2.png in Resources */ = {isa = PBXBuildFile; fileRef = C967C2102A069D15007EE7EE /* OnboardingTest2.png */; };
		C967C2142A069D15007EE7EE /* OnboardingTest1.png in Resources */ = {isa = PBXBuildFile; fileRef = C967C2112A069D15007EE7EE /* OnboardingTest1.png */; };
		C967C2162A069D19007EE7EE /* OnboardingTest4.png in Resources */ = {isa = PBXBuildFile; fileRef = C967C2152A069D19007EE7EE /* OnboardingTest4.png */; };
		C967C2182A07870A007EE7EE /* NotFoundPartnerView.swift in Sources */ = {isa = PBXBuildFile; fileRef = C967C2172A07870A007EE7EE /* NotFoundPartnerView.swift */; };
		C967C21A2A078733007EE7EE /* LevelUpView.swift in Sources */ = {isa = PBXBuildFile; fileRef = C967C2192A078733007EE7EE /* LevelUpView.swift */; };
		C967C21C2A078754007EE7EE /* MissionResultModalView.swift in Sources */ = {isa = PBXBuildFile; fileRef = C967C21B2A078754007EE7EE /* MissionResultModalView.swift */; };
		C967C21E2A07882D007EE7EE /* MissionCongratsView.swift in Sources */ = {isa = PBXBuildFile; fileRef = C967C21D2A07882D007EE7EE /* MissionCongratsView.swift */; };
		C9CC8F382A0232D400C16FA5 /* Image.png in Resources */ = {isa = PBXBuildFile; fileRef = C9CC8F372A0232D400C16FA5 /* Image.png */; };
/* End PBXBuildFile section */

/* Begin PBXFileReference section */
		B80518E12A088CAC00D12915 /* NISessionManager.swift */ = {isa = PBXFileReference; lastKnownFileType = sourcecode.swift; path = NISessionManager.swift; sourceTree = "<group>"; };
		B80518E42A088CDE00D12915 /* MPCSession.swift */ = {isa = PBXFileReference; lastKnownFileType = sourcecode.swift; path = MPCSession.swift; sourceTree = "<group>"; };
		B80518E62A088D2300D12915 /* LocalNetworkAuthorization.swift */ = {isa = PBXFileReference; lastKnownFileType = sourcecode.swift; path = LocalNetworkAuthorization.swift; sourceTree = "<group>"; };
		B80518EA2A088E4100D12915 /* FindingPartnerState.swift */ = {isa = PBXFileReference; lastKnownFileType = sourcecode.swift; path = FindingPartnerState.swift; sourceTree = "<group>"; };
		B80518EE2A088EA600D12915 /* UserDataModel.xcdatamodel */ = {isa = PBXFileReference; lastKnownFileType = wrapper.xcdatamodel; path = UserDataModel.xcdatamodel; sourceTree = "<group>"; };
		B80518F02A088EFF00D12915 /* Buddy+CoreDataClass.swift */ = {isa = PBXFileReference; lastKnownFileType = sourcecode.swift; path = "Buddy+CoreDataClass.swift"; sourceTree = "<group>"; };
		B80518F12A088EFF00D12915 /* Buddy+CoreDataProperties.swift */ = {isa = PBXFileReference; lastKnownFileType = sourcecode.swift; path = "Buddy+CoreDataProperties.swift"; sourceTree = "<group>"; };
		B80518F22A088EFF00D12915 /* User+CoreDataClass.swift */ = {isa = PBXFileReference; lastKnownFileType = sourcecode.swift; path = "User+CoreDataClass.swift"; sourceTree = "<group>"; };
		B80518F32A088EFF00D12915 /* User+CoreDataProperties.swift */ = {isa = PBXFileReference; lastKnownFileType = sourcecode.swift; path = "User+CoreDataProperties.swift"; sourceTree = "<group>"; };
		C91444052A01453800E6202D /* SearchPartnerView.swift */ = {isa = PBXFileReference; lastKnownFileType = sourcecode.swift; path = SearchPartnerView.swift; sourceTree = "<group>"; };
		C91444072A01454F00E6202D /* WorkoutView.swift */ = {isa = PBXFileReference; lastKnownFileType = sourcecode.swift; path = WorkoutView.swift; sourceTree = "<group>"; };
		C91444092A01459D00E6202D /* LevelUpModalView.swift */ = {isa = PBXFileReference; lastKnownFileType = sourcecode.swift; path = LevelUpModalView.swift; sourceTree = "<group>"; };
		C914440B2A01460F00E6202D /* CharacterSettingView.swift */ = {isa = PBXFileReference; lastKnownFileType = sourcecode.swift; path = CharacterSettingView.swift; sourceTree = "<group>"; };
		C914440D2A01462500E6202D /* SettingView.swift */ = {isa = PBXFileReference; lastKnownFileType = sourcecode.swift; path = SettingView.swift; sourceTree = "<group>"; };
		C91444422A0167C500E6202D /* cookie.jpeg */ = {isa = PBXFileReference; lastKnownFileType = image.jpeg; path = cookie.jpeg; sourceTree = "<group>"; };
		C91444442A01799700E6202D /* Info.plist */ = {isa = PBXFileReference; lastKnownFileType = text.plist; path = Info.plist; sourceTree = "<group>"; };
		C91BB6E52A00BDC0009FAA86 /* BurningBuddy.app */ = {isa = PBXFileReference; explicitFileType = wrapper.application; includeInIndex = 0; path = BurningBuddy.app; sourceTree = BUILT_PRODUCTS_DIR; };
		C91BB6E82A00BDC0009FAA86 /* BurningBuddyApp.swift */ = {isa = PBXFileReference; lastKnownFileType = sourcecode.swift; path = BurningBuddyApp.swift; sourceTree = "<group>"; };
		C91BB6EA2A00BDC0009FAA86 /* ContentView.swift */ = {isa = PBXFileReference; lastKnownFileType = sourcecode.swift; path = ContentView.swift; sourceTree = "<group>"; };
		C91BB6EC2A00BDC1009FAA86 /* Assets.xcassets */ = {isa = PBXFileReference; lastKnownFileType = folder.assetcatalog; path = Assets.xcassets; sourceTree = "<group>"; };
		C91BB6EF2A00BDC1009FAA86 /* Preview Assets.xcassets */ = {isa = PBXFileReference; lastKnownFileType = folder.assetcatalog; path = "Preview Assets.xcassets"; sourceTree = "<group>"; };
		C91BB6FB2A00E772009FAA86 /* MainView.swift */ = {isa = PBXFileReference; lastKnownFileType = sourcecode.swift; path = MainView.swift; sourceTree = "<group>"; };
		C91BB6FD2A00E794009FAA86 /* NicknameSettingView.swift */ = {isa = PBXFileReference; lastKnownFileType = sourcecode.swift; path = NicknameSettingView.swift; sourceTree = "<group>"; };
		C967C2072A0332C3007EE7EE /* WorkoutDoneView.swift */ = {isa = PBXFileReference; lastKnownFileType = sourcecode.swift; path = WorkoutDoneView.swift; sourceTree = "<group>"; };
		C967C2092A068FEA007EE7EE /* CalorieSettingView.swift */ = {isa = PBXFileReference; lastKnownFileType = sourcecode.swift; path = CalorieSettingView.swift; sourceTree = "<group>"; };
		C967C20B2A0694DE007EE7EE /* OnboardingView.swift */ = {isa = PBXFileReference; lastKnownFileType = sourcecode.swift; path = OnboardingView.swift; sourceTree = "<group>"; };
		C967C20D2A0699A1007EE7EE /* ButtonComponent.swift */ = {isa = PBXFileReference; lastKnownFileType = sourcecode.swift; path = ButtonComponent.swift; sourceTree = "<group>"; };
		C967C20F2A069D15007EE7EE /* OnboardingTest3.png */ = {isa = PBXFileReference; lastKnownFileType = image.png; path = OnboardingTest3.png; sourceTree = "<group>"; };
		C967C2102A069D15007EE7EE /* OnboardingTest2.png */ = {isa = PBXFileReference; lastKnownFileType = image.png; path = OnboardingTest2.png; sourceTree = "<group>"; };
		C967C2112A069D15007EE7EE /* OnboardingTest1.png */ = {isa = PBXFileReference; lastKnownFileType = image.png; path = OnboardingTest1.png; sourceTree = "<group>"; };
		C967C2152A069D19007EE7EE /* OnboardingTest4.png */ = {isa = PBXFileReference; lastKnownFileType = image.png; path = OnboardingTest4.png; sourceTree = "<group>"; };
		C967C2172A07870A007EE7EE /* NotFoundPartnerView.swift */ = {isa = PBXFileReference; lastKnownFileType = sourcecode.swift; path = NotFoundPartnerView.swift; sourceTree = "<group>"; };
		C967C2192A078733007EE7EE /* LevelUpView.swift */ = {isa = PBXFileReference; lastKnownFileType = sourcecode.swift; path = LevelUpView.swift; sourceTree = "<group>"; };
		C967C21B2A078754007EE7EE /* MissionResultModalView.swift */ = {isa = PBXFileReference; lastKnownFileType = sourcecode.swift; path = MissionResultModalView.swift; sourceTree = "<group>"; };
		C967C21D2A07882D007EE7EE /* MissionCongratsView.swift */ = {isa = PBXFileReference; lastKnownFileType = sourcecode.swift; path = MissionCongratsView.swift; sourceTree = "<group>"; };
		C9CC8F372A0232D400C16FA5 /* Image.png */ = {isa = PBXFileReference; lastKnownFileType = image.png; path = Image.png; sourceTree = "<group>"; };
/* End PBXFileReference section */

/* Begin PBXFrameworksBuildPhase section */
		C91BB6E22A00BDC0009FAA86 /* Frameworks */ = {
			isa = PBXFrameworksBuildPhase;
			buildActionMask = 2147483647;
			files = (
			);
			runOnlyForDeploymentPostprocessing = 0;
		};
/* End PBXFrameworksBuildPhase section */

/* Begin PBXGroup section */
		B80518DF2A088B3A00D12915 /* Resources */ = {
			isa = PBXGroup;
			children = (
				C91444422A0167C500E6202D /* cookie.jpeg */,
				C91BB6EC2A00BDC1009FAA86 /* Assets.xcassets */,
				C9CC8F372A0232D400C16FA5 /* Image.png */,
				C967C2112A069D15007EE7EE /* OnboardingTest1.png */,
				C967C2102A069D15007EE7EE /* OnboardingTest2.png */,
				C967C20F2A069D15007EE7EE /* OnboardingTest3.png */,
				C967C2152A069D19007EE7EE /* OnboardingTest4.png */,
			);
			path = Resources;
			sourceTree = "<group>";
		};
		B80518E02A088C8B00D12915 /* NIUtils */ = {
			isa = PBXGroup;
			children = (
				B80518E12A088CAC00D12915 /* NISessionManager.swift */,
				B80518E62A088D2300D12915 /* LocalNetworkAuthorization.swift */,
				B80518E32A088CCF00D12915 /* MPCUtils */,
			);
			path = NIUtils;
			sourceTree = "<group>";
		};
		B80518E32A088CCF00D12915 /* MPCUtils */ = {
			isa = PBXGroup;
			children = (
				B80518E42A088CDE00D12915 /* MPCSession.swift */,
			);
			path = MPCUtils;
			sourceTree = "<group>";
		};
		B80518EC2A088E9300D12915 /* CoreData */ = {
			isa = PBXGroup;
			children = (
				B80518F02A088EFF00D12915 /* Buddy+CoreDataClass.swift */,
				B80518F12A088EFF00D12915 /* Buddy+CoreDataProperties.swift */,
				B80518F22A088EFF00D12915 /* User+CoreDataClass.swift */,
				B80518F32A088EFF00D12915 /* User+CoreDataProperties.swift */,
				B80518ED2A088EA600D12915 /* UserDataModel.xcdatamodeld */,
			);
			path = CoreData;
			sourceTree = "<group>";
		};
		C91BB6DC2A00BDC0009FAA86 = {
			isa = PBXGroup;
			children = (
				C91BB6E72A00BDC0009FAA86 /* BurningBuddy */,
				C91BB6E62A00BDC0009FAA86 /* Products */,
			);
			sourceTree = "<group>";
		};
		C91BB6E62A00BDC0009FAA86 /* Products */ = {
			isa = PBXGroup;
			children = (
				C91BB6E52A00BDC0009FAA86 /* BurningBuddy.app */,
			);
			name = Products;
			sourceTree = "<group>";
		};
		C91BB6E72A00BDC0009FAA86 /* BurningBuddy */ = {
			isa = PBXGroup;
			children = (
				B80518DF2A088B3A00D12915 /* Resources */,
				C91444442A01799700E6202D /* Info.plist */,
				C91BB6F82A00BE27009FAA86 /* Utils */,
				C91BB6F72A00BE23009FAA86 /* View */,
				C91BB6F62A00BE1C009FAA86 /* Model */,
				C91BB6E82A00BDC0009FAA86 /* BurningBuddyApp.swift */,
				C91BB6EE2A00BDC1009FAA86 /* Preview Content */,
			);
			path = BurningBuddy;
			sourceTree = "<group>";
		};
		C91BB6EE2A00BDC1009FAA86 /* Preview Content */ = {
			isa = PBXGroup;
			children = (
				C91BB6EF2A00BDC1009FAA86 /* Preview Assets.xcassets */,
			);
			path = "Preview Content";
			sourceTree = "<group>";
		};
		C91BB6F62A00BE1C009FAA86 /* Model */ = {
			isa = PBXGroup;
			children = (
				B80518EC2A088E9300D12915 /* CoreData */,
				B80518EA2A088E4100D12915 /* FindingPartnerState.swift */,
			);
			path = Model;
			sourceTree = "<group>";
		};
		C91BB6F72A00BE23009FAA86 /* View */ = {
			isa = PBXGroup;
			children = (
				C967C2222A08853C007EE7EE /* Component */,
				C967C21F2A0884BC007EE7EE /* Onboarding */,
				C967C2232A088580007EE7EE /* Main */,
				C967C2202A0884F5007EE7EE /* Partner */,
				C967C2212A088510007EE7EE /* Workout */,
				C967C2242A0885C0007EE7EE /* LevelUp */,
				C91BB6EA2A00BDC0009FAA86 /* ContentView.swift */,
			);
			path = View;
			sourceTree = "<group>";
		};
		C91BB6F82A00BE27009FAA86 /* Utils */ = {
			isa = PBXGroup;
			children = (
				B80518E02A088C8B00D12915 /* NIUtils */,
			);
			path = Utils;
			sourceTree = "<group>";
		};
		C967C21F2A0884BC007EE7EE /* Onboarding */ = {
			isa = PBXGroup;
			children = (
				C967C20B2A0694DE007EE7EE /* OnboardingView.swift */,
				C91BB6FD2A00E794009FAA86 /* NicknameSettingView.swift */,
				C914440B2A01460F00E6202D /* CharacterSettingView.swift */,
				C967C2092A068FEA007EE7EE /* CalorieSettingView.swift */,
			);
			path = Onboarding;
			sourceTree = "<group>";
		};
		C967C2202A0884F5007EE7EE /* Partner */ = {
			isa = PBXGroup;
			children = (
				C91444052A01453800E6202D /* SearchPartnerView.swift */,
				C967C2172A07870A007EE7EE /* NotFoundPartnerView.swift */,
			);
			path = Partner;
			sourceTree = "<group>";
		};
		C967C2212A088510007EE7EE /* Workout */ = {
			isa = PBXGroup;
			children = (
				C91444072A01454F00E6202D /* WorkoutView.swift */,
				C967C2072A0332C3007EE7EE /* WorkoutDoneView.swift */,
				C967C21B2A078754007EE7EE /* MissionResultModalView.swift */,
				C967C21D2A07882D007EE7EE /* MissionCongratsView.swift */,
			);
			path = Workout;
			sourceTree = "<group>";
		};
		C967C2222A08853C007EE7EE /* Component */ = {
			isa = PBXGroup;
			children = (
				C967C20D2A0699A1007EE7EE /* ButtonComponent.swift */,
			);
			path = Component;
			sourceTree = "<group>";
		};
		C967C2232A088580007EE7EE /* Main */ = {
			isa = PBXGroup;
			children = (
				C91BB6FB2A00E772009FAA86 /* MainView.swift */,
				C914440D2A01462500E6202D /* SettingView.swift */,
			);
			path = Main;
			sourceTree = "<group>";
		};
		C967C2242A0885C0007EE7EE /* LevelUp */ = {
			isa = PBXGroup;
			children = (
				C967C2192A078733007EE7EE /* LevelUpView.swift */,
				C91444092A01459D00E6202D /* LevelUpModalView.swift */,
			);
			path = LevelUp;
			sourceTree = "<group>";
		};
/* End PBXGroup section */

/* Begin PBXNativeTarget section */
		C91BB6E42A00BDC0009FAA86 /* BurningBuddy */ = {
			isa = PBXNativeTarget;
			buildConfigurationList = C91BB6F32A00BDC1009FAA86 /* Build configuration list for PBXNativeTarget "BurningBuddy" */;
			buildPhases = (
				C91BB6E12A00BDC0009FAA86 /* Sources */,
				C91BB6E22A00BDC0009FAA86 /* Frameworks */,
				C91BB6E32A00BDC0009FAA86 /* Resources */,
			);
			buildRules = (
			);
			dependencies = (
			);
			name = BurningBuddy;
			productName = BurningBuddy;
			productReference = C91BB6E52A00BDC0009FAA86 /* BurningBuddy.app */;
			productType = "com.apple.product-type.application";
		};
/* End PBXNativeTarget section */

/* Begin PBXProject section */
		C91BB6DD2A00BDC0009FAA86 /* Project object */ = {
			isa = PBXProject;
			attributes = {
				BuildIndependentTargetsInParallel = 1;
				LastSwiftUpdateCheck = 1400;
				LastUpgradeCheck = 1400;
				TargetAttributes = {
					C91BB6E42A00BDC0009FAA86 = {
						CreatedOnToolsVersion = 14.0.1;
					};
				};
			};
			buildConfigurationList = C91BB6E02A00BDC0009FAA86 /* Build configuration list for PBXProject "BurningBuddy" */;
			compatibilityVersion = "Xcode 14.0";
			developmentRegion = en;
			hasScannedForEncodings = 0;
			knownRegions = (
				en,
				Base,
			);
			mainGroup = C91BB6DC2A00BDC0009FAA86;
			productRefGroup = C91BB6E62A00BDC0009FAA86 /* Products */;
			projectDirPath = "";
			projectRoot = "";
			targets = (
				C91BB6E42A00BDC0009FAA86 /* BurningBuddy */,
			);
		};
/* End PBXProject section */

/* Begin PBXResourcesBuildPhase section */
		C91BB6E32A00BDC0009FAA86 /* Resources */ = {
			isa = PBXResourcesBuildPhase;
			buildActionMask = 2147483647;
			files = (
				C91BB6F02A00BDC1009FAA86 /* Preview Assets.xcassets in Resources */,
				C967C2122A069D15007EE7EE /* OnboardingTest3.png in Resources */,
				C91444432A0167C500E6202D /* cookie.jpeg in Resources */,
				C9CC8F382A0232D400C16FA5 /* Image.png in Resources */,
				C967C2142A069D15007EE7EE /* OnboardingTest1.png in Resources */,
				C967C2162A069D19007EE7EE /* OnboardingTest4.png in Resources */,
				C91BB6ED2A00BDC1009FAA86 /* Assets.xcassets in Resources */,
				C967C2132A069D15007EE7EE /* OnboardingTest2.png in Resources */,
			);
			runOnlyForDeploymentPostprocessing = 0;
		};
/* End PBXResourcesBuildPhase section */

/* Begin PBXSourcesBuildPhase section */
		C91BB6E12A00BDC0009FAA86 /* Sources */ = {
			isa = PBXSourcesBuildPhase;
			buildActionMask = 2147483647;
			files = (
				C967C21E2A07882D007EE7EE /* MissionCongratsView.swift in Sources */,
				C91BB6EB2A00BDC0009FAA86 /* ContentView.swift in Sources */,
				B80518E72A088D2300D12915 /* LocalNetworkAuthorization.swift in Sources */,
				C914440E2A01462500E6202D /* SettingView.swift in Sources */,
				B80518F52A088EFF00D12915 /* Buddy+CoreDataProperties.swift in Sources */,
				B80518F42A088EFF00D12915 /* Buddy+CoreDataClass.swift in Sources */,
				C914440C2A01460F00E6202D /* CharacterSettingView.swift in Sources */,
				C91BB6FC2A00E772009FAA86 /* MainView.swift in Sources */,
				B80518EB2A088E4100D12915 /* FindingPartnerState.swift in Sources */,
				C91444082A01454F00E6202D /* WorkoutView.swift in Sources */,
				B80518F72A088EFF00D12915 /* User+CoreDataProperties.swift in Sources */,
				C91BB6FE2A00E794009FAA86 /* NicknameSettingView.swift in Sources */,
				C967C2082A0332C3007EE7EE /* WorkoutDoneView.swift in Sources */,
				C967C21C2A078754007EE7EE /* MissionResultModalView.swift in Sources */,
				C91444062A01453800E6202D /* SearchPartnerView.swift in Sources */,
				B80518E52A088CDE00D12915 /* MPCSession.swift in Sources */,
				C914440A2A01459D00E6202D /* LevelUpModalView.swift in Sources */,
				C91BB6E92A00BDC0009FAA86 /* BurningBuddyApp.swift in Sources */,
				C967C20E2A0699A1007EE7EE /* ButtonComponent.swift in Sources */,
				B80518EF2A088EA600D12915 /* UserDataModel.xcdatamodeld in Sources */,
				B80518F62A088EFF00D12915 /* User+CoreDataClass.swift in Sources */,
				C967C20C2A0694DE007EE7EE /* OnboardingView.swift in Sources */,
				C967C20A2A068FEA007EE7EE /* CalorieSettingView.swift in Sources */,
				B80518E22A088CAC00D12915 /* NISessionManager.swift in Sources */,
				C967C21A2A078733007EE7EE /* LevelUpView.swift in Sources */,
				C967C2182A07870A007EE7EE /* NotFoundPartnerView.swift in Sources */,
			);
			runOnlyForDeploymentPostprocessing = 0;
		};
/* End PBXSourcesBuildPhase section */

/* Begin XCBuildConfiguration section */
		C91BB6F12A00BDC1009FAA86 /* Debug */ = {
			isa = XCBuildConfiguration;
			buildSettings = {
				ALWAYS_SEARCH_USER_PATHS = NO;
				CLANG_ANALYZER_NONNULL = YES;
				CLANG_ANALYZER_NUMBER_OBJECT_CONVERSION = YES_AGGRESSIVE;
				CLANG_CXX_LANGUAGE_STANDARD = "gnu++20";
				CLANG_ENABLE_MODULES = YES;
				CLANG_ENABLE_OBJC_ARC = YES;
				CLANG_ENABLE_OBJC_WEAK = YES;
				CLANG_WARN_BLOCK_CAPTURE_AUTORELEASING = YES;
				CLANG_WARN_BOOL_CONVERSION = YES;
				CLANG_WARN_COMMA = YES;
				CLANG_WARN_CONSTANT_CONVERSION = YES;
				CLANG_WARN_DEPRECATED_OBJC_IMPLEMENTATIONS = YES;
				CLANG_WARN_DIRECT_OBJC_ISA_USAGE = YES_ERROR;
				CLANG_WARN_DOCUMENTATION_COMMENTS = YES;
				CLANG_WARN_EMPTY_BODY = YES;
				CLANG_WARN_ENUM_CONVERSION = YES;
				CLANG_WARN_INFINITE_RECURSION = YES;
				CLANG_WARN_INT_CONVERSION = YES;
				CLANG_WARN_NON_LITERAL_NULL_CONVERSION = YES;
				CLANG_WARN_OBJC_IMPLICIT_RETAIN_SELF = YES;
				CLANG_WARN_OBJC_LITERAL_CONVERSION = YES;
				CLANG_WARN_OBJC_ROOT_CLASS = YES_ERROR;
				CLANG_WARN_QUOTED_INCLUDE_IN_FRAMEWORK_HEADER = YES;
				CLANG_WARN_RANGE_LOOP_ANALYSIS = YES;
				CLANG_WARN_STRICT_PROTOTYPES = YES;
				CLANG_WARN_SUSPICIOUS_MOVE = YES;
				CLANG_WARN_UNGUARDED_AVAILABILITY = YES_AGGRESSIVE;
				CLANG_WARN_UNREACHABLE_CODE = YES;
				CLANG_WARN__DUPLICATE_METHOD_MATCH = YES;
				COPY_PHASE_STRIP = NO;
				DEBUG_INFORMATION_FORMAT = dwarf;
				DEVELOPMENT_ASSET_PATHS = "\"BurningBuddy\"";
				ENABLE_STRICT_OBJC_MSGSEND = YES;
				ENABLE_TESTABILITY = YES;
				GCC_C_LANGUAGE_STANDARD = gnu11;
				GCC_DYNAMIC_NO_PIC = NO;
				GCC_NO_COMMON_BLOCKS = YES;
				GCC_OPTIMIZATION_LEVEL = 0;
				GCC_PREPROCESSOR_DEFINITIONS = (
					"DEBUG=1",
					"$(inherited)",
				);
				GCC_WARN_64_TO_32_BIT_CONVERSION = YES;
				GCC_WARN_ABOUT_RETURN_TYPE = YES_ERROR;
				GCC_WARN_UNDECLARED_SELECTOR = YES;
				GCC_WARN_UNINITIALIZED_AUTOS = YES_AGGRESSIVE;
				GCC_WARN_UNUSED_FUNCTION = YES;
				GCC_WARN_UNUSED_VARIABLE = YES;
				IPHONEOS_DEPLOYMENT_TARGET = 15.0;
				MTL_ENABLE_DEBUG_INFO = INCLUDE_SOURCE;
				MTL_FAST_MATH = YES;
				ONLY_ACTIVE_ARCH = YES;
				SDKROOT = iphoneos;
				SWIFT_ACTIVE_COMPILATION_CONDITIONS = DEBUG;
				SWIFT_OPTIMIZATION_LEVEL = "-Onone";
			};
			name = Debug;
		};
		C91BB6F22A00BDC1009FAA86 /* Release */ = {
			isa = XCBuildConfiguration;
			buildSettings = {
				ALWAYS_SEARCH_USER_PATHS = NO;
				CLANG_ANALYZER_NONNULL = YES;
				CLANG_ANALYZER_NUMBER_OBJECT_CONVERSION = YES_AGGRESSIVE;
				CLANG_CXX_LANGUAGE_STANDARD = "gnu++20";
				CLANG_ENABLE_MODULES = YES;
				CLANG_ENABLE_OBJC_ARC = YES;
				CLANG_ENABLE_OBJC_WEAK = YES;
				CLANG_WARN_BLOCK_CAPTURE_AUTORELEASING = YES;
				CLANG_WARN_BOOL_CONVERSION = YES;
				CLANG_WARN_COMMA = YES;
				CLANG_WARN_CONSTANT_CONVERSION = YES;
				CLANG_WARN_DEPRECATED_OBJC_IMPLEMENTATIONS = YES;
				CLANG_WARN_DIRECT_OBJC_ISA_USAGE = YES_ERROR;
				CLANG_WARN_DOCUMENTATION_COMMENTS = YES;
				CLANG_WARN_EMPTY_BODY = YES;
				CLANG_WARN_ENUM_CONVERSION = YES;
				CLANG_WARN_INFINITE_RECURSION = YES;
				CLANG_WARN_INT_CONVERSION = YES;
				CLANG_WARN_NON_LITERAL_NULL_CONVERSION = YES;
				CLANG_WARN_OBJC_IMPLICIT_RETAIN_SELF = YES;
				CLANG_WARN_OBJC_LITERAL_CONVERSION = YES;
				CLANG_WARN_OBJC_ROOT_CLASS = YES_ERROR;
				CLANG_WARN_QUOTED_INCLUDE_IN_FRAMEWORK_HEADER = YES;
				CLANG_WARN_RANGE_LOOP_ANALYSIS = YES;
				CLANG_WARN_STRICT_PROTOTYPES = YES;
				CLANG_WARN_SUSPICIOUS_MOVE = YES;
				CLANG_WARN_UNGUARDED_AVAILABILITY = YES_AGGRESSIVE;
				CLANG_WARN_UNREACHABLE_CODE = YES;
				CLANG_WARN__DUPLICATE_METHOD_MATCH = YES;
				COPY_PHASE_STRIP = NO;
				DEBUG_INFORMATION_FORMAT = "dwarf-with-dsym";
				DEVELOPMENT_ASSET_PATHS = "\"BurningBuddy\"";
				ENABLE_NS_ASSERTIONS = NO;
				ENABLE_STRICT_OBJC_MSGSEND = YES;
				GCC_C_LANGUAGE_STANDARD = gnu11;
				GCC_NO_COMMON_BLOCKS = YES;
				GCC_WARN_64_TO_32_BIT_CONVERSION = YES;
				GCC_WARN_ABOUT_RETURN_TYPE = YES_ERROR;
				GCC_WARN_UNDECLARED_SELECTOR = YES;
				GCC_WARN_UNINITIALIZED_AUTOS = YES_AGGRESSIVE;
				GCC_WARN_UNUSED_FUNCTION = YES;
				GCC_WARN_UNUSED_VARIABLE = YES;
				IPHONEOS_DEPLOYMENT_TARGET = 15.0;
				MTL_ENABLE_DEBUG_INFO = NO;
				MTL_FAST_MATH = YES;
				SDKROOT = iphoneos;
				SWIFT_COMPILATION_MODE = wholemodule;
				SWIFT_OPTIMIZATION_LEVEL = "-O";
				VALIDATE_PRODUCT = YES;
			};
			name = Release;
		};
		C91BB6F42A00BDC1009FAA86 /* Debug */ = {
			isa = XCBuildConfiguration;
			buildSettings = {
				ASSETCATALOG_COMPILER_APPICON_NAME = AppIcon;
				ASSETCATALOG_COMPILER_GLOBAL_ACCENT_COLOR_NAME = AccentColor;
				CODE_SIGN_STYLE = Automatic;
				CURRENT_PROJECT_VERSION = 1;
				DEVELOPMENT_ASSET_PATHS = "\"BurningBuddy\"";
				DEVELOPMENT_TEAM = UULN4L9KLP;
				ENABLE_PREVIEWS = YES;
				GENERATE_INFOPLIST_FILE = YES;
				INFOPLIST_FILE = BurningBuddy/Info.plist;
				INFOPLIST_KEY_UIApplicationSceneManifest_Generation = YES;
				INFOPLIST_KEY_UIApplicationSupportsIndirectInputEvents = YES;
				INFOPLIST_KEY_UILaunchScreen_Generation = YES;
				INFOPLIST_KEY_UIStatusBarStyle = UIStatusBarStyleLightContent;
				INFOPLIST_KEY_UISupportedInterfaceOrientations = UIInterfaceOrientationPortrait;
				INFOPLIST_KEY_UIUserInterfaceStyle = Dark;
				IPHONEOS_DEPLOYMENT_TARGET = 15.0;
				LD_RUNPATH_SEARCH_PATHS = (
					"$(inherited)",
					"@executable_path/Frameworks",
				);
				MARKETING_VERSION = 1.0;
				PRODUCT_BUNDLE_IDENTIFIER = com.aa.BurningBuddy;
				PRODUCT_NAME = "$(TARGET_NAME)";
				SWIFT_EMIT_LOC_STRINGS = YES;
				SWIFT_VERSION = 5.0;
				TARGETED_DEVICE_FAMILY = "1,2";
			};
			name = Debug;
		};
		C91BB6F52A00BDC1009FAA86 /* Release */ = {
			isa = XCBuildConfiguration;
			buildSettings = {
				ASSETCATALOG_COMPILER_APPICON_NAME = AppIcon;
				ASSETCATALOG_COMPILER_GLOBAL_ACCENT_COLOR_NAME = AccentColor;
				CODE_SIGN_STYLE = Automatic;
				CURRENT_PROJECT_VERSION = 1;
				DEVELOPMENT_ASSET_PATHS = "\"BurningBuddy\"";
				DEVELOPMENT_TEAM = UULN4L9KLP;
				ENABLE_PREVIEWS = YES;
				GENERATE_INFOPLIST_FILE = YES;
				INFOPLIST_FILE = BurningBuddy/Info.plist;
				INFOPLIST_KEY_UIApplicationSceneManifest_Generation = YES;
				INFOPLIST_KEY_UIApplicationSupportsIndirectInputEvents = YES;
				INFOPLIST_KEY_UILaunchScreen_Generation = YES;
				INFOPLIST_KEY_UIStatusBarStyle = UIStatusBarStyleLightContent;
				INFOPLIST_KEY_UISupportedInterfaceOrientations = UIInterfaceOrientationPortrait;
				INFOPLIST_KEY_UIUserInterfaceStyle = Dark;
				IPHONEOS_DEPLOYMENT_TARGET = 15.0;
				LD_RUNPATH_SEARCH_PATHS = (
					"$(inherited)",
					"@executable_path/Frameworks",
				);
				MARKETING_VERSION = 1.0;
				PRODUCT_BUNDLE_IDENTIFIER = com.aa.BurningBuddy;
				PRODUCT_NAME = "$(TARGET_NAME)";
				SWIFT_EMIT_LOC_STRINGS = YES;
				SWIFT_VERSION = 5.0;
				TARGETED_DEVICE_FAMILY = "1,2";
			};
			name = Release;
		};
/* End XCBuildConfiguration section */

/* Begin XCConfigurationList section */
		C91BB6E02A00BDC0009FAA86 /* Build configuration list for PBXProject "BurningBuddy" */ = {
			isa = XCConfigurationList;
			buildConfigurations = (
				C91BB6F12A00BDC1009FAA86 /* Debug */,
				C91BB6F22A00BDC1009FAA86 /* Release */,
			);
			defaultConfigurationIsVisible = 0;
			defaultConfigurationName = Release;
		};
		C91BB6F32A00BDC1009FAA86 /* Build configuration list for PBXNativeTarget "BurningBuddy" */ = {
			isa = XCConfigurationList;
			buildConfigurations = (
				C91BB6F42A00BDC1009FAA86 /* Debug */,
				C91BB6F52A00BDC1009FAA86 /* Release */,
			);
			defaultConfigurationIsVisible = 0;
			defaultConfigurationName = Release;
		};
/* End XCConfigurationList section */

/* Begin XCVersionGroup section */
		B80518ED2A088EA600D12915 /* UserDataModel.xcdatamodeld */ = {
			isa = XCVersionGroup;
			children = (
				B80518EE2A088EA600D12915 /* UserDataModel.xcdatamodel */,
			);
			currentVersion = B80518EE2A088EA600D12915 /* UserDataModel.xcdatamodel */;
			path = UserDataModel.xcdatamodeld;
			sourceTree = "<group>";
			versionGroupType = wrapper.xcdatamodel;
		};
/* End XCVersionGroup section */
	};
	rootObject = C91BB6DD2A00BDC0009FAA86 /* Project object */;
}
